
Microsoft Visual Studio Solution File, Format Version 12.00
# Visual Studio Version 16
VisualStudioVersion = 16.0.31911.196
MinimumVisualStudioVersion = 10.0.40219.1
Project("{FAE04EC0-301F-11D3-BF4B-00C04F79EFBC}") = "num2", "num2.csproj", "{A17F9ACA-3632-4608-8A89-A3C7DD6825DA}"
EndProject
Global
	GlobalSection(SolutionConfigurationPlatforms) = preSolution
		Debug|Any CPU = Debug|Any CPU
		Release|Any CPU = Release|Any CPU
	EndGlobalSection
	GlobalSection(ProjectConfigurationPlatforms) = postSolution
		{A17F9ACA-3632-4608-8A89-A3C7DD6825DA}.Debug|Any CPU.ActiveCfg = Debug|Any CPU
		{A17F9ACA-3632-4608-8A89-A3C7DD6825DA}.Debug|Any CPU.Build.0 = Debug|Any CPU
		{A17F9ACA-3632-4608-8A89-A3C7DD6825DA}.Release|Any CPU.ActiveCfg = Release|Any CPU
		{A17F9ACA-3632-4608-8A89-A3C7DD6825DA}.Release|Any CPU.Build.0 = Release|Any CPU
	EndGlobalSection
	GlobalSection(SolutionProperties) = preSolution
		HideSolutionNode = FALSE
	EndGlobalSection
	GlobalSection(ExtensibilityGlobals) = postSolution
		SolutionGuid = {041732FA-4CDF-4AFD-A9F1-095B78FAEC8C}
	EndGlobalSection
EndGlobal
