
Microsoft Visual Studio Solution File, Format Version 12.00
# Visual Studio Version 16
VisualStudioVersion = 16.0.31911.196
MinimumVisualStudioVersion = 10.0.40219.1
Project("{FAE04EC0-301F-11D3-BF4B-00C04F79EFBC}") = "num3", "num3.csproj", "{D6300F67-C3F3-4D30-8812-D8639F45E5CD}"
EndProject
Global
	GlobalSection(SolutionConfigurationPlatforms) = preSolution
		Debug|Any CPU = Debug|Any CPU
		Release|Any CPU = Release|Any CPU
	EndGlobalSection
	GlobalSection(ProjectConfigurationPlatforms) = postSolution
		{D6300F67-C3F3-4D30-8812-D8639F45E5CD}.Debug|Any CPU.ActiveCfg = Debug|Any CPU
		{D6300F67-C3F3-4D30-8812-D8639F45E5CD}.Debug|Any CPU.Build.0 = Debug|Any CPU
		{D6300F67-C3F3-4D30-8812-D8639F45E5CD}.Release|Any CPU.ActiveCfg = Release|Any CPU
		{D6300F67-C3F3-4D30-8812-D8639F45E5CD}.Release|Any CPU.Build.0 = Release|Any CPU
	EndGlobalSection
	GlobalSection(SolutionProperties) = preSolution
		HideSolutionNode = FALSE
	EndGlobalSection
	GlobalSection(ExtensibilityGlobals) = postSolution
		SolutionGuid = {1206327B-837A-4D58-A481-D970B8D6E086}
	EndGlobalSection
EndGlobal
